// !$*UTF8*$!
{
	archiveVersion = 1;
	classes = {
	};
	objectVersion = 46;
	objects = {

/* Begin PBXBuildFile section */
		8404F15B16B6322800EFB9CA /* AddressBook.framework in Frameworks */ = {isa = PBXBuildFile; fileRef = 8404F15A16B6322800EFB9CA /* AddressBook.framework */; };
		8404F15D16B6324100EFB9CA /* AddressBookUI.framework in Frameworks */ = {isa = PBXBuildFile; fileRef = 8404F15C16B6324100EFB9CA /* AddressBookUI.framework */; };
		847FEDF116B222C0000FA949 /* MessageUI.framework in Frameworks */ = {isa = PBXBuildFile; fileRef = 847FEDF016B222C0000FA949 /* MessageUI.framework */; };
		84A08E1D16B6533000910E91 /* icon_2359.png in Resources */ = {isa = PBXBuildFile; fileRef = 84A08DFE16B6533000910E91 /* icon_2359.png */; };
		84A08E1E16B6533000910E91 /* icon_add_contact.png in Resources */ = {isa = PBXBuildFile; fileRef = 84A08DFF16B6533000910E91 /* icon_add_contact.png */; };
		84A08E1F16B6533000910E91 /* icon_add_contact@2x.png in Resources */ = {isa = PBXBuildFile; fileRef = 84A08E0016B6533000910E91 /* icon_add_contact@2x.png */; };
		84A08E2016B6533000910E91 /* icon_back.png in Resources */ = {isa = PBXBuildFile; fileRef = 84A08E0116B6533000910E91 /* icon_back.png */; };
		84A08E2116B6533000910E91 /* icon_back@2x.png in Resources */ = {isa = PBXBuildFile; fileRef = 84A08E0216B6533000910E91 /* icon_back@2x.png */; };
		84A08E2216B6533000910E91 /* icon_contacts_selected.png in Resources */ = {isa = PBXBuildFile; fileRef = 84A08E0316B6533000910E91 /* icon_contacts_selected.png */; };
		84A08E2316B6533000910E91 /* icon_contacts_selected@2x.png in Resources */ = {isa = PBXBuildFile; fileRef = 84A08E0416B6533000910E91 /* icon_contacts_selected@2x.png */; };
		84A08E2416B6533000910E91 /* icon_contacts.png in Resources */ = {isa = PBXBuildFile; fileRef = 84A08E0516B6533000910E91 /* icon_contacts.png */; };
		84A08E2516B6533000910E91 /* icon_contacts@2x.png in Resources */ = {isa = PBXBuildFile; fileRef = 84A08E0616B6533000910E91 /* icon_contacts@2x.png */; };
		84A08E2616B6533000910E91 /* icon_dislike.png in Resources */ = {isa = PBXBuildFile; fileRef = 84A08E0716B6533000910E91 /* icon_dislike.png */; };
		84A08E2716B6533000910E91 /* icon_dislike@2x.png in Resources */ = {isa = PBXBuildFile; fileRef = 84A08E0816B6533000910E91 /* icon_dislike@2x.png */; };
		84A08E2816B6533000910E91 /* icon_email.png in Resources */ = {isa = PBXBuildFile; fileRef = 84A08E0916B6533000910E91 /* icon_email.png */; };
		84A08E2916B6533000910E91 /* icon_email@2x.png in Resources */ = {isa = PBXBuildFile; fileRef = 84A08E0A16B6533000910E91 /* icon_email@2x.png */; };
		84A08E2A16B6533000910E91 /* icon_info_selected.png in Resources */ = {isa = PBXBuildFile; fileRef = 84A08E0B16B6533000910E91 /* icon_info_selected.png */; };
		84A08E2B16B6533000910E91 /* icon_info_selected@2x.png in Resources */ = {isa = PBXBuildFile; fileRef = 84A08E0C16B6533000910E91 /* icon_info_selected@2x.png */; };
		84A08E2C16B6533000910E91 /* icon_info.png in Resources */ = {isa = PBXBuildFile; fileRef = 84A08E0D16B6533000910E91 /* icon_info.png */; };
		84A08E2D16B6533000910E91 /* icon_info@2x.png in Resources */ = {isa = PBXBuildFile; fileRef = 84A08E0E16B6533000910E91 /* icon_info@2x.png */; };
		84A08E2E16B6533000910E91 /* icon_like.png in Resources */ = {isa = PBXBuildFile; fileRef = 84A08E0F16B6533000910E91 /* icon_like.png */; };
		84A08E2F16B6533000910E91 /* icon_like@2x.png in Resources */ = {isa = PBXBuildFile; fileRef = 84A08E1016B6533000910E91 /* icon_like@2x.png */; };
		84A08E3016B6533000910E91 /* icon_profile.png in Resources */ = {isa = PBXBuildFile; fileRef = 84A08E1116B6533000910E91 /* icon_profile.png */; };
		84A08E3116B6533000910E91 /* icon_profile@2x.png in Resources */ = {isa = PBXBuildFile; fileRef = 84A08E1216B6533000910E91 /* icon_profile@2x.png */; };
		84A08E3216B6533000910E91 /* icon_sms.png in Resources */ = {isa = PBXBuildFile; fileRef = 84A08E1316B6533000910E91 /* icon_sms.png */; };
		84A08E3316B6533000910E91 /* icon_sms@2x.png in Resources */ = {isa = PBXBuildFile; fileRef = 84A08E1416B6533000910E91 /* icon_sms@2x.png */; };
		84A08E3416B6533000910E91 /* icon_star.png in Resources */ = {isa = PBXBuildFile; fileRef = 84A08E1516B6533000910E91 /* icon_star.png */; };
		84A08E3516B6533000910E91 /* icon_star@2x.png in Resources */ = {isa = PBXBuildFile; fileRef = 84A08E1616B6533000910E91 /* icon_star@2x.png */; };
		84A08E3616B6533000910E91 /* middle_button.png in Resources */ = {isa = PBXBuildFile; fileRef = 84A08E1716B6533000910E91 /* middle_button.png */; };
		84A08E3716B6533000910E91 /* middle_button@2x.png in Resources */ = {isa = PBXBuildFile; fileRef = 84A08E1816B6533000910E91 /* middle_button@2x.png */; };
		84A08E3816B6533000910E91 /* selection-tab.png in Resources */ = {isa = PBXBuildFile; fileRef = 84A08E1916B6533000910E91 /* selection-tab.png */; };
		84A08E3916B6533000910E91 /* selection-tab@2x.png in Resources */ = {isa = PBXBuildFile; fileRef = 84A08E1A16B6533000910E91 /* selection-tab@2x.png */; };
		84A08E3A16B6533000910E91 /* tabbar.png in Resources */ = {isa = PBXBuildFile; fileRef = 84A08E1B16B6533000910E91 /* tabbar.png */; };
		84A08E3B16B6533000910E91 /* tabbar@2x.png in Resources */ = {isa = PBXBuildFile; fileRef = 84A08E1C16B6533000910E91 /* tabbar@2x.png */; };
		84A08E4F16B6597B00910E91 /* MAContactViewController.m in Sources */ = {isa = PBXBuildFile; fileRef = 84A08E4816B6597B00910E91 /* MAContactViewController.m */; };
		84A08E5016B6597B00910E91 /* MACustomTabbarViewController.m in Sources */ = {isa = PBXBuildFile; fileRef = 84A08E4A16B6597B00910E91 /* MACustomTabbarViewController.m */; };
		84A08E5116B6597B00910E91 /* MADetailContactViewController.m in Sources */ = {isa = PBXBuildFile; fileRef = 84A08E4C16B6597B00910E91 /* MADetailContactViewController.m */; };
		84A08E5216B6597B00910E91 /* MAWebVC.m in Sources */ = {isa = PBXBuildFile; fileRef = 84A08E4E16B6597B00910E91 /* MAWebVC.m */; };
		84A08E6C16B6599600910E91 /* AFHTTPClient.m in Sources */ = {isa = PBXBuildFile; fileRef = 84A08E5A16B6599600910E91 /* AFHTTPClient.m */; };
		84A08E6D16B6599600910E91 /* AFHTTPRequestOperation.m in Sources */ = {isa = PBXBuildFile; fileRef = 84A08E5C16B6599600910E91 /* AFHTTPRequestOperation.m */; };
		84A08E6E16B6599600910E91 /* AFImageRequestOperation.m in Sources */ = {isa = PBXBuildFile; fileRef = 84A08E5E16B6599600910E91 /* AFImageRequestOperation.m */; };
		84A08E6F16B6599600910E91 /* AFJSONRequestOperation.m in Sources */ = {isa = PBXBuildFile; fileRef = 84A08E6016B6599600910E91 /* AFJSONRequestOperation.m */; };
		84A08E7016B6599600910E91 /* AFNetworkActivityIndicatorManager.m in Sources */ = {isa = PBXBuildFile; fileRef = 84A08E6216B6599600910E91 /* AFNetworkActivityIndicatorManager.m */; };
		84A08E7116B6599600910E91 /* AFPropertyListRequestOperation.m in Sources */ = {isa = PBXBuildFile; fileRef = 84A08E6516B6599600910E91 /* AFPropertyListRequestOperation.m */; };
		84A08E7216B6599600910E91 /* AFURLConnectionOperation.m in Sources */ = {isa = PBXBuildFile; fileRef = 84A08E6716B6599600910E91 /* AFURLConnectionOperation.m */; };
		84A08E7316B6599600910E91 /* AFXMLRequestOperation.m in Sources */ = {isa = PBXBuildFile; fileRef = 84A08E6916B6599600910E91 /* AFXMLRequestOperation.m */; };
		84A08E7416B6599600910E91 /* UIImageView+AFNetworking.m in Sources */ = {isa = PBXBuildFile; fileRef = 84A08E6B16B6599600910E91 /* UIImageView+AFNetworking.m */; };
		84A08E7D16B659A600910E91 /* CustomTabbar.xib in Resources */ = {isa = PBXBuildFile; fileRef = 84A08E7616B659A600910E91 /* CustomTabbar.xib */; };
		84A08E7E16B659A600910E91 /* MAContactViewCell.m in Sources */ = {isa = PBXBuildFile; fileRef = 84A08E7816B659A600910E91 /* MAContactViewCell.m */; };
		84A08E7F16B659A600910E91 /* MACustomTabbarView.m in Sources */ = {isa = PBXBuildFile; fileRef = 84A08E7A16B659A600910E91 /* MACustomTabbarView.m */; };
		84A08E8016B659A600910E91 /* MADetailContactCell.m in Sources */ = {isa = PBXBuildFile; fileRef = 84A08E7C16B659A600910E91 /* MADetailContactCell.m */; };
		84A08E8416B659D800910E91 /* MAPeople.m in Sources */ = {isa = PBXBuildFile; fileRef = 84A08E8316B659D800910E91 /* MAPeople.m */; };
		84A9289616ACDD1D000FB0E3 /* UIKit.framework in Frameworks */ = {isa = PBXBuildFile; fileRef = 84A9289516ACDD1D000FB0E3 /* UIKit.framework */; };
		84A9289816ACDD1D000FB0E3 /* Foundation.framework in Frameworks */ = {isa = PBXBuildFile; fileRef = 84A9289716ACDD1D000FB0E3 /* Foundation.framework */; };
		84A9289A16ACDD1D000FB0E3 /* CoreGraphics.framework in Frameworks */ = {isa = PBXBuildFile; fileRef = 84A9289916ACDD1D000FB0E3 /* CoreGraphics.framework */; };
		84A928A016ACDD1D000FB0E3 /* InfoPlist.strings in Resources */ = {isa = PBXBuildFile; fileRef = 84A9289E16ACDD1D000FB0E3 /* InfoPlist.strings */; };
		84A928A216ACDD1D000FB0E3 /* main.m in Sources */ = {isa = PBXBuildFile; fileRef = 84A928A116ACDD1D000FB0E3 /* main.m */; };
		84A928A616ACDD1D000FB0E3 /* MAAppDelegate.m in Sources */ = {isa = PBXBuildFile; fileRef = 84A928A516ACDD1D000FB0E3 /* MAAppDelegate.m */; };
		84A928A816ACDD1D000FB0E3 /* Default.png in Resources */ = {isa = PBXBuildFile; fileRef = 84A928A716ACDD1D000FB0E3 /* Default.png */; };
		84A928AA16ACDD1D000FB0E3 /* Default@2x.png in Resources */ = {isa = PBXBuildFile; fileRef = 84A928A916ACDD1D000FB0E3 /* Default@2x.png */; };
		84A928AC16ACDD1D000FB0E3 /* Default-568h@2x.png in Resources */ = {isa = PBXBuildFile; fileRef = 84A928AB16ACDD1D000FB0E3 /* Default-568h@2x.png */; };
		84A928AF16ACDD1D000FB0E3 /* MainStoryboard_iPhone.storyboard in Resources */ = {isa = PBXBuildFile; fileRef = 84A928AD16ACDD1D000FB0E3 /* MainStoryboard_iPhone.storyboard */; };
		84A928B216ACDD1D000FB0E3 /* MainStoryboard_iPad.storyboard in Resources */ = {isa = PBXBuildFile; fileRef = 84A928B016ACDD1D000FB0E3 /* MainStoryboard_iPad.storyboard */; };
		84B6075A16AD3683008B6F94 /* people.png in Resources */ = {isa = PBXBuildFile; fileRef = 84B6075916AD3683008B6F94 /* people.png */; };
/* End PBXBuildFile section */

/* Begin PBXFileReference section */
		8404F15A16B6322800EFB9CA /* AddressBook.framework */ = {isa = PBXFileReference; lastKnownFileType = wrapper.framework; name = AddressBook.framework; path = System/Library/Frameworks/AddressBook.framework; sourceTree = SDKROOT; };
		8404F15C16B6324100EFB9CA /* AddressBookUI.framework */ = {isa = PBXFileReference; lastKnownFileType = wrapper.framework; name = AddressBookUI.framework; path = System/Library/Frameworks/AddressBookUI.framework; sourceTree = SDKROOT; };
		847FEDF016B222C0000FA949 /* MessageUI.framework */ = {isa = PBXFileReference; lastKnownFileType = wrapper.framework; name = MessageUI.framework; path = System/Library/Frameworks/MessageUI.framework; sourceTree = SDKROOT; };
		84A08DFE16B6533000910E91 /* icon_2359.png */ = {isa = PBXFileReference; lastKnownFileType = image.png; name = icon_2359.png; path = Button/icon_2359.png; sourceTree = "<group>"; };
		84A08DFF16B6533000910E91 /* icon_add_contact.png */ = {isa = PBXFileReference; lastKnownFileType = image.png; name = icon_add_contact.png; path = Button/icon_add_contact.png; sourceTree = "<group>"; };
		84A08E0016B6533000910E91 /* icon_add_contact@2x.png */ = {isa = PBXFileReference; lastKnownFileType = image.png; name = "icon_add_contact@2x.png"; path = "Button/icon_add_contact@2x.png"; sourceTree = "<group>"; };
		84A08E0116B6533000910E91 /* icon_back.png */ = {isa = PBXFileReference; lastKnownFileType = image.png; name = icon_back.png; path = Button/icon_back.png; sourceTree = "<group>"; };
		84A08E0216B6533000910E91 /* icon_back@2x.png */ = {isa = PBXFileReference; lastKnownFileType = image.png; name = "icon_back@2x.png"; path = "Button/icon_back@2x.png"; sourceTree = "<group>"; };
		84A08E0316B6533000910E91 /* icon_contacts_selected.png */ = {isa = PBXFileReference; lastKnownFileType = image.png; name = icon_contacts_selected.png; path = Button/icon_contacts_selected.png; sourceTree = "<group>"; };
		84A08E0416B6533000910E91 /* icon_contacts_selected@2x.png */ = {isa = PBXFileReference; lastKnownFileType = image.png; name = "icon_contacts_selected@2x.png"; path = "Button/icon_contacts_selected@2x.png"; sourceTree = "<group>"; };
		84A08E0516B6533000910E91 /* icon_contacts.png */ = {isa = PBXFileReference; lastKnownFileType = image.png; name = icon_contacts.png; path = Button/icon_contacts.png; sourceTree = "<group>"; };
		84A08E0616B6533000910E91 /* icon_contacts@2x.png */ = {isa = PBXFileReference; lastKnownFileType = image.png; name = "icon_contacts@2x.png"; path = "Button/icon_contacts@2x.png"; sourceTree = "<group>"; };
		84A08E0716B6533000910E91 /* icon_dislike.png */ = {isa = PBXFileReference; lastKnownFileType = image.png; name = icon_dislike.png; path = Button/icon_dislike.png; sourceTree = "<group>"; };
		84A08E0816B6533000910E91 /* icon_dislike@2x.png */ = {isa = PBXFileReference; lastKnownFileType = image.png; name = "icon_dislike@2x.png"; path = "Button/icon_dislike@2x.png"; sourceTree = "<group>"; };
		84A08E0916B6533000910E91 /* icon_email.png */ = {isa = PBXFileReference; lastKnownFileType = image.png; name = icon_email.png; path = Button/icon_email.png; sourceTree = "<group>"; };
		84A08E0A16B6533000910E91 /* icon_email@2x.png */ = {isa = PBXFileReference; lastKnownFileType = image.png; name = "icon_email@2x.png"; path = "Button/icon_email@2x.png"; sourceTree = "<group>"; };
		84A08E0B16B6533000910E91 /* icon_info_selected.png */ = {isa = PBXFileReference; lastKnownFileType = image.png; name = icon_info_selected.png; path = Button/icon_info_selected.png; sourceTree = "<group>"; };
		84A08E0C16B6533000910E91 /* icon_info_selected@2x.png */ = {isa = PBXFileReference; lastKnownFileType = image.png; name = "icon_info_selected@2x.png"; path = "Button/icon_info_selected@2x.png"; sourceTree = "<group>"; };
		84A08E0D16B6533000910E91 /* icon_info.png */ = {isa = PBXFileReference; lastKnownFileType = image.png; name = icon_info.png; path = Button/icon_info.png; sourceTree = "<group>"; };
		84A08E0E16B6533000910E91 /* icon_info@2x.png */ = {isa = PBXFileReference; lastKnownFileType = image.png; name = "icon_info@2x.png"; path = "Button/icon_info@2x.png"; sourceTree = "<group>"; };
		84A08E0F16B6533000910E91 /* icon_like.png */ = {isa = PBXFileReference; lastKnownFileType = image.png; name = icon_like.png; path = Button/icon_like.png; sourceTree = "<group>"; };
		84A08E1016B6533000910E91 /* icon_like@2x.png */ = {isa = PBXFileReference; lastKnownFileType = image.png; name = "icon_like@2x.png"; path = "Button/icon_like@2x.png"; sourceTree = "<group>"; };
		84A08E1116B6533000910E91 /* icon_profile.png */ = {isa = PBXFileReference; lastKnownFileType = image.png; name = icon_profile.png; path = Button/icon_profile.png; sourceTree = "<group>"; };
		84A08E1216B6533000910E91 /* icon_profile@2x.png */ = {isa = PBXFileReference; lastKnownFileType = image.png; name = "icon_profile@2x.png"; path = "Button/icon_profile@2x.png"; sourceTree = "<group>"; };
		84A08E1316B6533000910E91 /* icon_sms.png */ = {isa = PBXFileReference; lastKnownFileType = image.png; name = icon_sms.png; path = Button/icon_sms.png; sourceTree = "<group>"; };
		84A08E1416B6533000910E91 /* icon_sms@2x.png */ = {isa = PBXFileReference; lastKnownFileType = image.png; name = "icon_sms@2x.png"; path = "Button/icon_sms@2x.png"; sourceTree = "<group>"; };
		84A08E1516B6533000910E91 /* icon_star.png */ = {isa = PBXFileReference; lastKnownFileType = image.png; name = icon_star.png; path = Button/icon_star.png; sourceTree = "<group>"; };
		84A08E1616B6533000910E91 /* icon_star@2x.png */ = {isa = PBXFileReference; lastKnownFileType = image.png; name = "icon_star@2x.png"; path = "Button/icon_star@2x.png"; sourceTree = "<group>"; };
		84A08E1716B6533000910E91 /* middle_button.png */ = {isa = PBXFileReference; lastKnownFileType = image.png; name = middle_button.png; path = Button/middle_button.png; sourceTree = "<group>"; };
		84A08E1816B6533000910E91 /* middle_button@2x.png */ = {isa = PBXFileReference; lastKnownFileType = image.png; name = "middle_button@2x.png"; path = "Button/middle_button@2x.png"; sourceTree = "<group>"; };
		84A08E1916B6533000910E91 /* selection-tab.png */ = {isa = PBXFileReference; lastKnownFileType = image.png; name = "selection-tab.png"; path = "Button/selection-tab.png"; sourceTree = "<group>"; };
		84A08E1A16B6533000910E91 /* selection-tab@2x.png */ = {isa = PBXFileReference; lastKnownFileType = image.png; name = "selection-tab@2x.png"; path = "Button/selection-tab@2x.png"; sourceTree = "<group>"; };
		84A08E1B16B6533000910E91 /* tabbar.png */ = {isa = PBXFileReference; lastKnownFileType = image.png; name = tabbar.png; path = Button/tabbar.png; sourceTree = "<group>"; };
		84A08E1C16B6533000910E91 /* tabbar@2x.png */ = {isa = PBXFileReference; lastKnownFileType = image.png; name = "tabbar@2x.png"; path = "Button/tabbar@2x.png"; sourceTree = "<group>"; };
		84A08E4716B6597B00910E91 /* MAContactViewController.h */ = {isa = PBXFileReference; fileEncoding = 4; lastKnownFileType = sourcecode.c.h; path = MAContactViewController.h; sourceTree = "<group>"; };
		84A08E4816B6597B00910E91 /* MAContactViewController.m */ = {isa = PBXFileReference; fileEncoding = 4; lastKnownFileType = sourcecode.c.objc; path = MAContactViewController.m; sourceTree = "<group>"; };
		84A08E4916B6597B00910E91 /* MACustomTabbarViewController.h */ = {isa = PBXFileReference; fileEncoding = 4; lastKnownFileType = sourcecode.c.h; path = MACustomTabbarViewController.h; sourceTree = "<group>"; };
		84A08E4A16B6597B00910E91 /* MACustomTabbarViewController.m */ = {isa = PBXFileReference; fileEncoding = 4; lastKnownFileType = sourcecode.c.objc; path = MACustomTabbarViewController.m; sourceTree = "<group>"; };
		84A08E4B16B6597B00910E91 /* MADetailContactViewController.h */ = {isa = PBXFileReference; fileEncoding = 4; lastKnownFileType = sourcecode.c.h; path = MADetailContactViewController.h; sourceTree = "<group>"; };
		84A08E4C16B6597B00910E91 /* MADetailContactViewController.m */ = {isa = PBXFileReference; fileEncoding = 4; lastKnownFileType = sourcecode.c.objc; path = MADetailContactViewController.m; sourceTree = "<group>"; };
		84A08E4D16B6597B00910E91 /* MAWebVC.h */ = {isa = PBXFileReference; fileEncoding = 4; lastKnownFileType = sourcecode.c.h; path = MAWebVC.h; sourceTree = "<group>"; };
		84A08E4E16B6597B00910E91 /* MAWebVC.m */ = {isa = PBXFileReference; fileEncoding = 4; lastKnownFileType = sourcecode.c.objc; path = MAWebVC.m; sourceTree = "<group>"; };
		84A08E5916B6599600910E91 /* AFHTTPClient.h */ = {isa = PBXFileReference; fileEncoding = 4; lastKnownFileType = sourcecode.c.h; path = AFHTTPClient.h; sourceTree = "<group>"; };
		84A08E5A16B6599600910E91 /* AFHTTPClient.m */ = {isa = PBXFileReference; fileEncoding = 4; lastKnownFileType = sourcecode.c.objc; path = AFHTTPClient.m; sourceTree = "<group>"; };
		84A08E5B16B6599600910E91 /* AFHTTPRequestOperation.h */ = {isa = PBXFileReference; fileEncoding = 4; lastKnownFileType = sourcecode.c.h; path = AFHTTPRequestOperation.h; sourceTree = "<group>"; };
		84A08E5C16B6599600910E91 /* AFHTTPRequestOperation.m */ = {isa = PBXFileReference; fileEncoding = 4; lastKnownFileType = sourcecode.c.objc; path = AFHTTPRequestOperation.m; sourceTree = "<group>"; };
		84A08E5D16B6599600910E91 /* AFImageRequestOperation.h */ = {isa = PBXFileReference; fileEncoding = 4; lastKnownFileType = sourcecode.c.h; path = AFImageRequestOperation.h; sourceTree = "<group>"; };
		84A08E5E16B6599600910E91 /* AFImageRequestOperation.m */ = {isa = PBXFileReference; fileEncoding = 4; lastKnownFileType = sourcecode.c.objc; path = AFImageRequestOperation.m; sourceTree = "<group>"; };
		84A08E5F16B6599600910E91 /* AFJSONRequestOperation.h */ = {isa = PBXFileReference; fileEncoding = 4; lastKnownFileType = sourcecode.c.h; path = AFJSONRequestOperation.h; sourceTree = "<group>"; };
		84A08E6016B6599600910E91 /* AFJSONRequestOperation.m */ = {isa = PBXFileReference; fileEncoding = 4; lastKnownFileType = sourcecode.c.objc; path = AFJSONRequestOperation.m; sourceTree = "<group>"; };
		84A08E6116B6599600910E91 /* AFNetworkActivityIndicatorManager.h */ = {isa = PBXFileReference; fileEncoding = 4; lastKnownFileType = sourcecode.c.h; path = AFNetworkActivityIndicatorManager.h; sourceTree = "<group>"; };
		84A08E6216B6599600910E91 /* AFNetworkActivityIndicatorManager.m */ = {isa = PBXFileReference; fileEncoding = 4; lastKnownFileType = sourcecode.c.objc; path = AFNetworkActivityIndicatorManager.m; sourceTree = "<group>"; };
		84A08E6316B6599600910E91 /* AFNetworking.h */ = {isa = PBXFileReference; fileEncoding = 4; lastKnownFileType = sourcecode.c.h; path = AFNetworking.h; sourceTree = "<group>"; };
		84A08E6416B6599600910E91 /* AFPropertyListRequestOperation.h */ = {isa = PBXFileReference; fileEncoding = 4; lastKnownFileType = sourcecode.c.h; path = AFPropertyListRequestOperation.h; sourceTree = "<group>"; };
		84A08E6516B6599600910E91 /* AFPropertyListRequestOperation.m */ = {isa = PBXFileReference; fileEncoding = 4; lastKnownFileType = sourcecode.c.objc; path = AFPropertyListRequestOperation.m; sourceTree = "<group>"; };
		84A08E6616B6599600910E91 /* AFURLConnectionOperation.h */ = {isa = PBXFileReference; fileEncoding = 4; lastKnownFileType = sourcecode.c.h; path = AFURLConnectionOperation.h; sourceTree = "<group>"; };
		84A08E6716B6599600910E91 /* AFURLConnectionOperation.m */ = {isa = PBXFileReference; fileEncoding = 4; lastKnownFileType = sourcecode.c.objc; path = AFURLConnectionOperation.m; sourceTree = "<group>"; };
		84A08E6816B6599600910E91 /* AFXMLRequestOperation.h */ = {isa = PBXFileReference; fileEncoding = 4; lastKnownFileType = sourcecode.c.h; path = AFXMLRequestOperation.h; sourceTree = "<group>"; };
		84A08E6916B6599600910E91 /* AFXMLRequestOperation.m */ = {isa = PBXFileReference; fileEncoding = 4; lastKnownFileType = sourcecode.c.objc; path = AFXMLRequestOperation.m; sourceTree = "<group>"; };
		84A08E6A16B6599600910E91 /* UIImageView+AFNetworking.h */ = {isa = PBXFileReference; fileEncoding = 4; lastKnownFileType = sourcecode.c.h; path = "UIImageView+AFNetworking.h"; sourceTree = "<group>"; };
		84A08E6B16B6599600910E91 /* UIImageView+AFNetworking.m */ = {isa = PBXFileReference; fileEncoding = 4; lastKnownFileType = sourcecode.c.objc; path = "UIImageView+AFNetworking.m"; sourceTree = "<group>"; };
		84A08E7616B659A600910E91 /* CustomTabbar.xib */ = {isa = PBXFileReference; fileEncoding = 4; lastKnownFileType = file.xib; path = CustomTabbar.xib; sourceTree = "<group>"; };
		84A08E7716B659A600910E91 /* MAContactViewCell.h */ = {isa = PBXFileReference; fileEncoding = 4; lastKnownFileType = sourcecode.c.h; path = MAContactViewCell.h; sourceTree = "<group>"; };
		84A08E7816B659A600910E91 /* MAContactViewCell.m */ = {isa = PBXFileReference; fileEncoding = 4; lastKnownFileType = sourcecode.c.objc; path = MAContactViewCell.m; sourceTree = "<group>"; };
		84A08E7916B659A600910E91 /* MACustomTabbarView.h */ = {isa = PBXFileReference; fileEncoding = 4; lastKnownFileType = sourcecode.c.h; path = MACustomTabbarView.h; sourceTree = "<group>"; };
		84A08E7A16B659A600910E91 /* MACustomTabbarView.m */ = {isa = PBXFileReference; fileEncoding = 4; lastKnownFileType = sourcecode.c.objc; path = MACustomTabbarView.m; sourceTree = "<group>"; };
		84A08E7B16B659A600910E91 /* MADetailContactCell.h */ = {isa = PBXFileReference; fileEncoding = 4; lastKnownFileType = sourcecode.c.h; path = MADetailContactCell.h; sourceTree = "<group>"; };
		84A08E7C16B659A600910E91 /* MADetailContactCell.m */ = {isa = PBXFileReference; fileEncoding = 4; lastKnownFileType = sourcecode.c.objc; path = MADetailContactCell.m; sourceTree = "<group>"; };
		84A08E8216B659D800910E91 /* MAPeople.h */ = {isa = PBXFileReference; fileEncoding = 4; lastKnownFileType = sourcecode.c.h; path = MAPeople.h; sourceTree = "<group>"; };
		84A08E8316B659D800910E91 /* MAPeople.m */ = {isa = PBXFileReference; fileEncoding = 4; lastKnownFileType = sourcecode.c.objc; path = MAPeople.m; sourceTree = "<group>"; };
		84A9289116ACDD1D000FB0E3 /* MiniApp.app */ = {isa = PBXFileReference; explicitFileType = wrapper.application; includeInIndex = 0; path = MiniApp.app; sourceTree = BUILT_PRODUCTS_DIR; };
		84A9289516ACDD1D000FB0E3 /* UIKit.framework */ = {isa = PBXFileReference; lastKnownFileType = wrapper.framework; name = UIKit.framework; path = System/Library/Frameworks/UIKit.framework; sourceTree = SDKROOT; };
		84A9289716ACDD1D000FB0E3 /* Foundation.framework */ = {isa = PBXFileReference; lastKnownFileType = wrapper.framework; name = Foundation.framework; path = System/Library/Frameworks/Foundation.framework; sourceTree = SDKROOT; };
		84A9289916ACDD1D000FB0E3 /* CoreGraphics.framework */ = {isa = PBXFileReference; lastKnownFileType = wrapper.framework; name = CoreGraphics.framework; path = System/Library/Frameworks/CoreGraphics.framework; sourceTree = SDKROOT; };
		84A9289D16ACDD1D000FB0E3 /* MiniApp-Info.plist */ = {isa = PBXFileReference; lastKnownFileType = text.plist.xml; path = "MiniApp-Info.plist"; sourceTree = "<group>"; };
		84A9289F16ACDD1D000FB0E3 /* en */ = {isa = PBXFileReference; lastKnownFileType = text.plist.strings; name = en; path = en.lproj/InfoPlist.strings; sourceTree = "<group>"; };
		84A928A116ACDD1D000FB0E3 /* main.m */ = {isa = PBXFileReference; lastKnownFileType = sourcecode.c.objc; path = main.m; sourceTree = "<group>"; };
		84A928A316ACDD1D000FB0E3 /* MiniApp-Prefix.pch */ = {isa = PBXFileReference; lastKnownFileType = sourcecode.c.h; path = "MiniApp-Prefix.pch"; sourceTree = "<group>"; };
		84A928A416ACDD1D000FB0E3 /* MAAppDelegate.h */ = {isa = PBXFileReference; lastKnownFileType = sourcecode.c.h; path = MAAppDelegate.h; sourceTree = "<group>"; };
		84A928A516ACDD1D000FB0E3 /* MAAppDelegate.m */ = {isa = PBXFileReference; lastKnownFileType = sourcecode.c.objc; path = MAAppDelegate.m; sourceTree = "<group>"; };
		84A928A716ACDD1D000FB0E3 /* Default.png */ = {isa = PBXFileReference; lastKnownFileType = image.png; path = Default.png; sourceTree = "<group>"; };
		84A928A916ACDD1D000FB0E3 /* Default@2x.png */ = {isa = PBXFileReference; lastKnownFileType = image.png; path = "Default@2x.png"; sourceTree = "<group>"; };
		84A928AB16ACDD1D000FB0E3 /* Default-568h@2x.png */ = {isa = PBXFileReference; lastKnownFileType = image.png; path = "Default-568h@2x.png"; sourceTree = "<group>"; };
		84A928AE16ACDD1D000FB0E3 /* en */ = {isa = PBXFileReference; lastKnownFileType = file.storyboard; name = en; path = en.lproj/MainStoryboard_iPhone.storyboard; sourceTree = "<group>"; };
		84A928B116ACDD1D000FB0E3 /* en */ = {isa = PBXFileReference; lastKnownFileType = file.storyboard; name = en; path = en.lproj/MainStoryboard_iPad.storyboard; sourceTree = "<group>"; };
		84B6075916AD3683008B6F94 /* people.png */ = {isa = PBXFileReference; lastKnownFileType = image.png; path = people.png; sourceTree = "<group>"; };
/* End PBXFileReference section */

/* Begin PBXFrameworksBuildPhase section */
		84A9288E16ACDD1D000FB0E3 /* Frameworks */ = {
			isa = PBXFrameworksBuildPhase;
			buildActionMask = 2147483647;
			files = (
				8404F15D16B6324100EFB9CA /* AddressBookUI.framework in Frameworks */,
				8404F15B16B6322800EFB9CA /* AddressBook.framework in Frameworks */,
				847FEDF116B222C0000FA949 /* MessageUI.framework in Frameworks */,
				84A9289616ACDD1D000FB0E3 /* UIKit.framework in Frameworks */,
				84A9289816ACDD1D000FB0E3 /* Foundation.framework in Frameworks */,
				84A9289A16ACDD1D000FB0E3 /* CoreGraphics.framework in Frameworks */,
			);
			runOnlyForDeploymentPostprocessing = 0;
		};
/* End PBXFrameworksBuildPhase section */

/* Begin PBXGroup section */
		84A08DFD16B652E800910E91 /* Button */ = {
			isa = PBXGroup;
			children = (
				84A08DFE16B6533000910E91 /* icon_2359.png */,
				84A08DFF16B6533000910E91 /* icon_add_contact.png */,
				84A08E0016B6533000910E91 /* icon_add_contact@2x.png */,
				84A08E0116B6533000910E91 /* icon_back.png */,
				84A08E0216B6533000910E91 /* icon_back@2x.png */,
				84A08E0316B6533000910E91 /* icon_contacts_selected.png */,
				84A08E0416B6533000910E91 /* icon_contacts_selected@2x.png */,
				84A08E0516B6533000910E91 /* icon_contacts.png */,
				84A08E0616B6533000910E91 /* icon_contacts@2x.png */,
				84A08E0716B6533000910E91 /* icon_dislike.png */,
				84A08E0816B6533000910E91 /* icon_dislike@2x.png */,
				84A08E0916B6533000910E91 /* icon_email.png */,
				84A08E0A16B6533000910E91 /* icon_email@2x.png */,
				84A08E0B16B6533000910E91 /* icon_info_selected.png */,
				84A08E0C16B6533000910E91 /* icon_info_selected@2x.png */,
				84A08E0D16B6533000910E91 /* icon_info.png */,
				84A08E0E16B6533000910E91 /* icon_info@2x.png */,
				84A08E0F16B6533000910E91 /* icon_like.png */,
				84A08E1016B6533000910E91 /* icon_like@2x.png */,
				84A08E1116B6533000910E91 /* icon_profile.png */,
				84A08E1216B6533000910E91 /* icon_profile@2x.png */,
				84A08E1316B6533000910E91 /* icon_sms.png */,
				84A08E1416B6533000910E91 /* icon_sms@2x.png */,
				84A08E1516B6533000910E91 /* icon_star.png */,
				84A08E1616B6533000910E91 /* icon_star@2x.png */,
				84A08E1716B6533000910E91 /* middle_button.png */,
				84A08E1816B6533000910E91 /* middle_button@2x.png */,
				84A08E1916B6533000910E91 /* selection-tab.png */,
				84A08E1A16B6533000910E91 /* selection-tab@2x.png */,
				84A08E1B16B6533000910E91 /* tabbar.png */,
				84A08E1C16B6533000910E91 /* tabbar@2x.png */,
			);
			name = Button;
			sourceTree = "<group>";
		};
		84A08E4616B6597B00910E91 /* Controllers */ = {
			isa = PBXGroup;
			children = (
				84A08E4716B6597B00910E91 /* MAContactViewController.h */,
				84A08E4816B6597B00910E91 /* MAContactViewController.m */,
				84A08E4916B6597B00910E91 /* MACustomTabbarViewController.h */,
				84A08E4A16B6597B00910E91 /* MACustomTabbarViewController.m */,
				84A08E4B16B6597B00910E91 /* MADetailContactViewController.h */,
				84A08E4C16B6597B00910E91 /* MADetailContactViewController.m */,
				84A08E4D16B6597B00910E91 /* MAWebVC.h */,
				84A08E4E16B6597B00910E91 /* MAWebVC.m */,
			);
			path = Controllers;
			sourceTree = "<group>";
		};
		84A08E5716B6599600910E91 /* Vendors */ = {
			isa = PBXGroup;
			children = (
				84A08E5816B6599600910E91 /* AFNetworking */,
			);
			path = Vendors;
			sourceTree = "<group>";
		};
		84A08E5816B6599600910E91 /* AFNetworking */ = {
			isa = PBXGroup;
			children = (
				84A08E5916B6599600910E91 /* AFHTTPClient.h */,
				84A08E5A16B6599600910E91 /* AFHTTPClient.m */,
				84A08E5B16B6599600910E91 /* AFHTTPRequestOperation.h */,
				84A08E5C16B6599600910E91 /* AFHTTPRequestOperation.m */,
				84A08E5D16B6599600910E91 /* AFImageRequestOperation.h */,
				84A08E5E16B6599600910E91 /* AFImageRequestOperation.m */,
				84A08E5F16B6599600910E91 /* AFJSONRequestOperation.h */,
				84A08E6016B6599600910E91 /* AFJSONRequestOperation.m */,
				84A08E6116B6599600910E91 /* AFNetworkActivityIndicatorManager.h */,
				84A08E6216B6599600910E91 /* AFNetworkActivityIndicatorManager.m */,
				84A08E6316B6599600910E91 /* AFNetworking.h */,
				84A08E6416B6599600910E91 /* AFPropertyListRequestOperation.h */,
				84A08E6516B6599600910E91 /* AFPropertyListRequestOperation.m */,
				84A08E6616B6599600910E91 /* AFURLConnectionOperation.h */,
				84A08E6716B6599600910E91 /* AFURLConnectionOperation.m */,
				84A08E6816B6599600910E91 /* AFXMLRequestOperation.h */,
				84A08E6916B6599600910E91 /* AFXMLRequestOperation.m */,
				84A08E6A16B6599600910E91 /* UIImageView+AFNetworking.h */,
				84A08E6B16B6599600910E91 /* UIImageView+AFNetworking.m */,
			);
			path = AFNetworking;
			sourceTree = "<group>";
		};
		84A08E7516B659A600910E91 /* Views */ = {
			isa = PBXGroup;
			children = (
				84A08E7616B659A600910E91 /* CustomTabbar.xib */,
				84A08E7716B659A600910E91 /* MAContactViewCell.h */,
				84A08E7816B659A600910E91 /* MAContactViewCell.m */,
				84A08E7916B659A600910E91 /* MACustomTabbarView.h */,
				84A08E7A16B659A600910E91 /* MACustomTabbarView.m */,
				84A08E7B16B659A600910E91 /* MADetailContactCell.h */,
				84A08E7C16B659A600910E91 /* MADetailContactCell.m */,
			);
			path = Views;
			sourceTree = "<group>";
		};
		84A08E8116B659D800910E91 /* Models */ = {
			isa = PBXGroup;
			children = (
				84A08E8216B659D800910E91 /* MAPeople.h */,
				84A08E8316B659D800910E91 /* MAPeople.m */,
			);
			path = Models;
			sourceTree = "<group>";
		};
		84A9288616ACDD1D000FB0E3 = {
			isa = PBXGroup;
			children = (
				84A9289B16ACDD1D000FB0E3 /* MiniApp */,
				84A9289416ACDD1D000FB0E3 /* Frameworks */,
				84A9289216ACDD1D000FB0E3 /* Products */,
			);
			sourceTree = "<group>";
		};
		84A9289216ACDD1D000FB0E3 /* Products */ = {
			isa = PBXGroup;
			children = (
				84A9289116ACDD1D000FB0E3 /* MiniApp.app */,
			);
			name = Products;
			sourceTree = "<group>";
		};
		84A9289416ACDD1D000FB0E3 /* Frameworks */ = {
			isa = PBXGroup;
			children = (
				8404F15C16B6324100EFB9CA /* AddressBookUI.framework */,
				8404F15A16B6322800EFB9CA /* AddressBook.framework */,
				847FEDF016B222C0000FA949 /* MessageUI.framework */,
				84A9289516ACDD1D000FB0E3 /* UIKit.framework */,
				84A9289716ACDD1D000FB0E3 /* Foundation.framework */,
				84A9289916ACDD1D000FB0E3 /* CoreGraphics.framework */,
			);
			name = Frameworks;
			sourceTree = "<group>";
		};
		84A9289B16ACDD1D000FB0E3 /* MiniApp */ = {
			isa = PBXGroup;
			children = (
				84A08E4616B6597B00910E91 /* Controllers */,
				84A08E8116B659D800910E91 /* Models */,
				84A08E7516B659A600910E91 /* Views */,
				84A08E5716B6599600910E91 /* Vendors */,
				84B607AC16AD3D6C008B6F94 /* Resources */,
				84A928A416ACDD1D000FB0E3 /* MAAppDelegate.h */,
				84A928A516ACDD1D000FB0E3 /* MAAppDelegate.m */,
				84A928AD16ACDD1D000FB0E3 /* MainStoryboard_iPhone.storyboard */,
				84A928B016ACDD1D000FB0E3 /* MainStoryboard_iPad.storyboard */,
				84A9289C16ACDD1D000FB0E3 /* Supporting Files */,
			);
			path = MiniApp;
			sourceTree = "<group>";
		};
		84A9289C16ACDD1D000FB0E3 /* Supporting Files */ = {
			isa = PBXGroup;
			children = (
				84B6075916AD3683008B6F94 /* people.png */,
				84A9289D16ACDD1D000FB0E3 /* MiniApp-Info.plist */,
				84A9289E16ACDD1D000FB0E3 /* InfoPlist.strings */,
				84A928A116ACDD1D000FB0E3 /* main.m */,
				84A928A316ACDD1D000FB0E3 /* MiniApp-Prefix.pch */,
				84A928A716ACDD1D000FB0E3 /* Default.png */,
				84A928A916ACDD1D000FB0E3 /* Default@2x.png */,
				84A928AB16ACDD1D000FB0E3 /* Default-568h@2x.png */,
			);
			name = "Supporting Files";
			sourceTree = "<group>";
		};
		84B607AC16AD3D6C008B6F94 /* Resources */ = {
			isa = PBXGroup;
			children = (
				84A08DFD16B652E800910E91 /* Button */,
			);
			path = Resources;
			sourceTree = "<group>";
		};
/* End PBXGroup section */

/* Begin PBXNativeTarget section */
		84A9289016ACDD1D000FB0E3 /* MiniApp */ = {
			isa = PBXNativeTarget;
			buildConfigurationList = 84A928B816ACDD1D000FB0E3 /* Build configuration list for PBXNativeTarget "MiniApp" */;
			buildPhases = (
				84A9288D16ACDD1D000FB0E3 /* Sources */,
				84A9288E16ACDD1D000FB0E3 /* Frameworks */,
				84A9288F16ACDD1D000FB0E3 /* Resources */,
			);
			buildRules = (
			);
			dependencies = (
			);
			name = MiniApp;
			productName = MiniApp;
			productReference = 84A9289116ACDD1D000FB0E3 /* MiniApp.app */;
			productType = "com.apple.product-type.application";
		};
/* End PBXNativeTarget section */

/* Begin PBXProject section */
		84A9288816ACDD1D000FB0E3 /* Project object */ = {
			isa = PBXProject;
			attributes = {
				CLASSPREFIX = MA;
				LastUpgradeCheck = 0450;
				ORGANIZATIONNAME = Quoc;
			};
			buildConfigurationList = 84A9288B16ACDD1D000FB0E3 /* Build configuration list for PBXProject "MiniApp" */;
			compatibilityVersion = "Xcode 3.2";
			developmentRegion = English;
			hasScannedForEncodings = 0;
			knownRegions = (
				en,
			);
			mainGroup = 84A9288616ACDD1D000FB0E3;
			productRefGroup = 84A9289216ACDD1D000FB0E3 /* Products */;
			projectDirPath = "";
			projectRoot = "";
			targets = (
				84A9289016ACDD1D000FB0E3 /* MiniApp */,
			);
		};
/* End PBXProject section */

/* Begin PBXResourcesBuildPhase section */
		84A9288F16ACDD1D000FB0E3 /* Resources */ = {
			isa = PBXResourcesBuildPhase;
			buildActionMask = 2147483647;
			files = (
				84A928A016ACDD1D000FB0E3 /* InfoPlist.strings in Resources */,
				84A928A816ACDD1D000FB0E3 /* Default.png in Resources */,
				84A928AA16ACDD1D000FB0E3 /* Default@2x.png in Resources */,
				84A928AC16ACDD1D000FB0E3 /* Default-568h@2x.png in Resources */,
				84A928AF16ACDD1D000FB0E3 /* MainStoryboard_iPhone.storyboard in Resources */,
				84A928B216ACDD1D000FB0E3 /* MainStoryboard_iPad.storyboard in Resources */,
				84B6075A16AD3683008B6F94 /* people.png in Resources */,
				84A08E1D16B6533000910E91 /* icon_2359.png in Resources */,
				84A08E1E16B6533000910E91 /* icon_add_contact.png in Resources */,
				84A08E1F16B6533000910E91 /* icon_add_contact@2x.png in Resources */,
				84A08E2016B6533000910E91 /* icon_back.png in Resources */,
				84A08E2116B6533000910E91 /* icon_back@2x.png in Resources */,
				84A08E2216B6533000910E91 /* icon_contacts_selected.png in Resources */,
				84A08E2316B6533000910E91 /* icon_contacts_selected@2x.png in Resources */,
				84A08E2416B6533000910E91 /* icon_contacts.png in Resources */,
				84A08E2516B6533000910E91 /* icon_contacts@2x.png in Resources */,
				84A08E2616B6533000910E91 /* icon_dislike.png in Resources */,
				84A08E2716B6533000910E91 /* icon_dislike@2x.png in Resources */,
				84A08E2816B6533000910E91 /* icon_email.png in Resources */,
				84A08E2916B6533000910E91 /* icon_email@2x.png in Resources */,
				84A08E2A16B6533000910E91 /* icon_info_selected.png in Resources */,
				84A08E2B16B6533000910E91 /* icon_info_selected@2x.png in Resources */,
				84A08E2C16B6533000910E91 /* icon_info.png in Resources */,
				84A08E2D16B6533000910E91 /* icon_info@2x.png in Resources */,
				84A08E2E16B6533000910E91 /* icon_like.png in Resources */,
				84A08E2F16B6533000910E91 /* icon_like@2x.png in Resources */,
				84A08E3016B6533000910E91 /* icon_profile.png in Resources */,
				84A08E3116B6533000910E91 /* icon_profile@2x.png in Resources */,
				84A08E3216B6533000910E91 /* icon_sms.png in Resources */,
				84A08E3316B6533000910E91 /* icon_sms@2x.png in Resources */,
				84A08E3416B6533000910E91 /* icon_star.png in Resources */,
				84A08E3516B6533000910E91 /* icon_star@2x.png in Resources */,
				84A08E3616B6533000910E91 /* middle_button.png in Resources */,
				84A08E3716B6533000910E91 /* middle_button@2x.png in Resources */,
				84A08E3816B6533000910E91 /* selection-tab.png in Resources */,
				84A08E3916B6533000910E91 /* selection-tab@2x.png in Resources */,
				84A08E3A16B6533000910E91 /* tabbar.png in Resources */,
				84A08E3B16B6533000910E91 /* tabbar@2x.png in Resources */,
				84A08E7D16B659A600910E91 /* CustomTabbar.xib in Resources */,
			);
			runOnlyForDeploymentPostprocessing = 0;
		};
/* End PBXResourcesBuildPhase section */

/* Begin PBXSourcesBuildPhase section */
		84A9288D16ACDD1D000FB0E3 /* Sources */ = {
			isa = PBXSourcesBuildPhase;
			buildActionMask = 2147483647;
			files = (
				84A928A216ACDD1D000FB0E3 /* main.m in Sources */,
				84A928A616ACDD1D000FB0E3 /* MAAppDelegate.m in Sources */,
				84A08E4F16B6597B00910E91 /* MAContactViewController.m in Sources */,
				84A08E5016B6597B00910E91 /* MACustomTabbarViewController.m in Sources */,
				84A08E5116B6597B00910E91 /* MADetailContactViewController.m in Sources */,
				84A08E5216B6597B00910E91 /* MAWebVC.m in Sources */,
				84A08E6C16B6599600910E91 /* AFHTTPClient.m in Sources */,
				84A08E6D16B6599600910E91 /* AFHTTPRequestOperation.m in Sources */,
				84A08E6E16B6599600910E91 /* AFImageRequestOperation.m in Sources */,
				84A08E6F16B6599600910E91 /* AFJSONRequestOperation.m in Sources */,
				84A08E7016B6599600910E91 /* AFNetworkActivityIndicatorManager.m in Sources */,
				84A08E7116B6599600910E91 /* AFPropertyListRequestOperation.m in Sources */,
				84A08E7216B6599600910E91 /* AFURLConnectionOperation.m in Sources */,
				84A08E7316B6599600910E91 /* AFXMLRequestOperation.m in Sources */,
				84A08E7416B6599600910E91 /* UIImageView+AFNetworking.m in Sources */,
				84A08E7E16B659A600910E91 /* MAContactViewCell.m in Sources */,
				84A08E7F16B659A600910E91 /* MACustomTabbarView.m in Sources */,
				84A08E8016B659A600910E91 /* MADetailContactCell.m in Sources */,
				84A08E8416B659D800910E91 /* MAPeople.m in Sources */,
			);
			runOnlyForDeploymentPostprocessing = 0;
		};
/* End PBXSourcesBuildPhase section */

/* Begin PBXVariantGroup section */
		84A9289E16ACDD1D000FB0E3 /* InfoPlist.strings */ = {
			isa = PBXVariantGroup;
			children = (
				84A9289F16ACDD1D000FB0E3 /* en */,
			);
			name = InfoPlist.strings;
			sourceTree = "<group>";
		};
		84A928AD16ACDD1D000FB0E3 /* MainStoryboard_iPhone.storyboard */ = {
			isa = PBXVariantGroup;
			children = (
				84A928AE16ACDD1D000FB0E3 /* en */,
			);
			name = MainStoryboard_iPhone.storyboard;
			sourceTree = "<group>";
		};
		84A928B016ACDD1D000FB0E3 /* MainStoryboard_iPad.storyboard */ = {
			isa = PBXVariantGroup;
			children = (
				84A928B116ACDD1D000FB0E3 /* en */,
			);
			name = MainStoryboard_iPad.storyboard;
			sourceTree = "<group>";
		};
/* End PBXVariantGroup section */

/* Begin XCBuildConfiguration section */
		84A928B616ACDD1D000FB0E3 /* Debug */ = {
			isa = XCBuildConfiguration;
			buildSettings = {
				ALWAYS_SEARCH_USER_PATHS = NO;
				CLANG_CXX_LANGUAGE_STANDARD = "gnu++0x";
				CLANG_CXX_LIBRARY = "libc++";
				CLANG_ENABLE_OBJC_ARC = YES;
				CLANG_WARN_EMPTY_BODY = YES;
				CLANG_WARN__DUPLICATE_METHOD_MATCH = YES;
				"CODE_SIGN_IDENTITY[sdk=iphoneos*]" = "iPhone Developer";
				COPY_PHASE_STRIP = NO;
				GCC_C_LANGUAGE_STANDARD = gnu99;
				GCC_DYNAMIC_NO_PIC = NO;
				GCC_OPTIMIZATION_LEVEL = 0;
				GCC_PREPROCESSOR_DEFINITIONS = (
					"DEBUG=1",
					"$(inherited)",
				);
				GCC_SYMBOLS_PRIVATE_EXTERN = NO;
				GCC_WARN_ABOUT_RETURN_TYPE = YES;
				GCC_WARN_UNINITIALIZED_AUTOS = YES;
				GCC_WARN_UNUSED_VARIABLE = YES;
				IPHONEOS_DEPLOYMENT_TARGET = 6.0;
				ONLY_ACTIVE_ARCH = YES;
				SDKROOT = iphoneos;
				TARGETED_DEVICE_FAMILY = "1,2";
			};
			name = Debug;
		};
		84A928B716ACDD1D000FB0E3 /* Release */ = {
			isa = XCBuildConfiguration;
			buildSettings = {
				ALWAYS_SEARCH_USER_PATHS = NO;
				CLANG_CXX_LANGUAGE_STANDARD = "gnu++0x";
				CLANG_CXX_LIBRARY = "libc++";
				CLANG_ENABLE_OBJC_ARC = YES;
				CLANG_WARN_EMPTY_BODY = YES;
				CLANG_WARN__DUPLICATE_METHOD_MATCH = YES;
				"CODE_SIGN_IDENTITY[sdk=iphoneos*]" = "iPhone Developer";
				COPY_PHASE_STRIP = YES;
				GCC_C_LANGUAGE_STANDARD = gnu99;
				GCC_WARN_ABOUT_RETURN_TYPE = YES;
				GCC_WARN_UNINITIALIZED_AUTOS = YES;
				GCC_WARN_UNUSED_VARIABLE = YES;
				IPHONEOS_DEPLOYMENT_TARGET = 6.0;
				OTHER_CFLAGS = "-DNS_BLOCK_ASSERTIONS=1";
				SDKROOT = iphoneos;
				TARGETED_DEVICE_FAMILY = "1,2";
				VALIDATE_PRODUCT = YES;
			};
			name = Release;
		};
		84A928B916ACDD1D000FB0E3 /* Debug */ = {
			isa = XCBuildConfiguration;
			buildSettings = {
				GCC_PRECOMPILE_PREFIX_HEADER = YES;
				GCC_PREFIX_HEADER = "MiniApp/MiniApp-Prefix.pch";
				INFOPLIST_FILE = "MiniApp/MiniApp-Info.plist";
				PRODUCT_NAME = "$(TARGET_NAME)";
				WRAPPER_EXTENSION = app;
			};
			name = Debug;
		};
		84A928BA16ACDD1D000FB0E3 /* Release */ = {
			isa = XCBuildConfiguration;
			buildSettings = {
				GCC_PRECOMPILE_PREFIX_HEADER = YES;
				GCC_PREFIX_HEADER = "MiniApp/MiniApp-Prefix.pch";
				INFOPLIST_FILE = "MiniApp/MiniApp-Info.plist";
				PRODUCT_NAME = "$(TARGET_NAME)";
				WRAPPER_EXTENSION = app;
			};
			name = Release;
		};
/* End XCBuildConfiguration section */

/* Begin XCConfigurationList section */
		84A9288B16ACDD1D000FB0E3 /* Build configuration list for PBXProject "MiniApp" */ = {
			isa = XCConfigurationList;
			buildConfigurations = (
				84A928B616ACDD1D000FB0E3 /* Debug */,
				84A928B716ACDD1D000FB0E3 /* Release */,
			);
			defaultConfigurationIsVisible = 0;
			defaultConfigurationName = Release;
		};
		84A928B816ACDD1D000FB0E3 /* Build configuration list for PBXNativeTarget "MiniApp" */ = {
			isa = XCConfigurationList;
			buildConfigurations = (
				84A928B916ACDD1D000FB0E3 /* Debug */,
				84A928BA16ACDD1D000FB0E3 /* Release */,
			);
			defaultConfigurationIsVisible = 0;
			defaultConfigurationName = Release;
		};
/* End XCConfigurationList section */
	};
	rootObject = 84A9288816ACDD1D000FB0E3 /* Project object */;
}
